{
  "name": "testing",
  "version": "1.0.0",
  "lockfileVersion": 2,
  "requires": true,
  "packages": {
    "": {
      "name": "testing",
      "version": "1.0.0",
      "license": "ISC",
      "dependencies": {
        "crypto-js": "^4.1.1",
        "google-libphonenumber": "^3.2.29",
        "libphonenumber-js": "^1.10.7"
      }
    },
    "node_modules/crypto-js": {
      "version": "4.1.1",
      "resolved": "https://registry.npmjs.org/crypto-js/-/crypto-js-4.1.1.tgz",
      "integrity": "sha512-o2JlM7ydqd3Qk9CA0L4NL6mTzU2sdx96a+oOfPu8Mkl/PK51vSyoi8/rQ8NknZtk44vq15lmhAj9CIAGwgeWKw=="
    },
    "node_modules/google-libphonenumber": {
      "version": "3.2.29",
      "resolved": "https://registry.npmjs.org/google-libphonenumber/-/google-libphonenumber-3.2.29.tgz",
      "integrity": "sha512-eRVj4HIcRR+MGPDlrt1n8/nORoUMhEj3Wns5f61uDaSrLeFdXdKjBhoEOkiMe2pnmOY+UzI1j8O8umjhzPYs1A==",
      "engines": {
        "node": ">=0.10"
      }
    },
    "node_modules/libphonenumber-js": {
      "version": "1.10.7",
      "resolved": "https://registry.npmjs.org/libphonenumber-js/-/libphonenumber-js-1.10.7.tgz",
      "integrity": "sha512-jZXLCCWMe1b/HXkjiLeYt2JsytZMcqH26jLFIdzFDFF0xvSUWrYKyvPlyPG+XJzEyKUFbcZxLdWGMwQsWaHDxQ=="
    }
  },
  "dependencies": {
    "crypto-js": {
      "version": "4.1.1",
      "resolved": "https://registry.npmjs.org/crypto-js/-/crypto-js-4.1.1.tgz",
      "integrity": "sha512-o2JlM7ydqd3Qk9CA0L4NL6mTzU2sdx96a+oOfPu8Mkl/PK51vSyoi8/rQ8NknZtk44vq15lmhAj9CIAGwgeWKw=="
    },
    "google-libphonenumber": {
      "version": "3.2.29",
      "resolved": "https://registry.npmjs.org/google-libphonenumber/-/google-libphonenumber-3.2.29.tgz",
      "integrity": "sha512-eRVj4HIcRR+MGPDlrt1n8/nORoUMhEj3Wns5f61uDaSrLeFdXdKjBhoEOkiMe2pnmOY+UzI1j8O8umjhzPYs1A=="
    },
    "libphonenumber-js": {
      "version": "1.10.7",
      "resolved": "https://registry.npmjs.org/libphonenumber-js/-/libphonenumber-js-1.10.7.tgz",
      "integrity": "sha512-jZXLCCWMe1b/HXkjiLeYt2JsytZMcqH26jLFIdzFDFF0xvSUWrYKyvPlyPG+XJzEyKUFbcZxLdWGMwQsWaHDxQ=="
    }
  }
}
